
Microsoft Visual Studio Solution File, Format Version 12.00
# Visual Studio Version 17
VisualStudioVersion = 17.9.34723.18
MinimumVisualStudioVersion = 10.0.40219.1
Project("{FAE04EC0-301F-11D3-BF4B-00C04F79EFBC}") = "DigitalCurrencyPriceWebscraper", "DigitalCurrencyPriceWebscraper\DigitalCurrencyPriceWebscraper.csproj", "{4BA43F63-AF92-4D9B-82F5-F578DA835877}"
EndProject
Global
	GlobalSection(SolutionConfigurationPlatforms) = preSolution
		Debug|Any CPU = Debug|Any CPU
		Release|Any CPU = Release|Any CPU
	EndGlobalSection
	GlobalSection(ProjectConfigurationPlatforms) = postSolution
		{4BA43F63-AF92-4D9B-82F5-F578DA835877}.Debug|Any CPU.ActiveCfg = Debug|Any CPU
		{4BA43F63-AF92-4D9B-82F5-F578DA835877}.Debug|Any CPU.Build.0 = Debug|Any CPU
		{4BA43F63-AF92-4D9B-82F5-F578DA835877}.Release|Any CPU.ActiveCfg = Release|Any CPU
		{4BA43F63-AF92-4D9B-82F5-F578DA835877}.Release|Any CPU.Build.0 = Release|Any CPU
	EndGlobalSection
	GlobalSection(SolutionProperties) = preSolution
		HideSolutionNode = FALSE
	EndGlobalSection
	GlobalSection(ExtensibilityGlobals) = postSolution
		SolutionGuid = {EE329395-CC18-4653-8811-B34EFC7CA254}
	EndGlobalSection
EndGlobal
